
Microsoft Visual Studio Solution File, Format Version 12.00
# Visual Studio 15
VisualStudioVersion = 15.0.33529.398
MinimumVisualStudioVersion = 10.0.40219.1
Project("{8BC9CEB8-8B4A-11D0-8D11-00A0C91BC942}") = "data_structure_MP3", "data_structure_MP3\data_structure_MP3.vcxproj", "{A3942879-172F-45D4-BC55-6596849A93CD}"
EndProject
Global
	GlobalSection(SolutionConfigurationPlatforms) = preSolution
		Debug|x64 = Debug|x64
		Debug|x86 = Debug|x86
		Release|x64 = Release|x64
		Release|x86 = Release|x86
	EndGlobalSection
	GlobalSection(ProjectConfigurationPlatforms) = postSolution
		{A3942879-172F-45D4-BC55-6596849A93CD}.Debug|x64.ActiveCfg = Debug|x64
		{A3942879-172F-45D4-BC55-6596849A93CD}.Debug|x64.Build.0 = Debug|x64
		{A3942879-172F-45D4-BC55-6596849A93CD}.Debug|x86.ActiveCfg = Debug|Win32
		{A3942879-172F-45D4-BC55-6596849A93CD}.Debug|x86.Build.0 = Debug|Win32
		{A3942879-172F-45D4-BC55-6596849A93CD}.Release|x64.ActiveCfg = Release|x64
		{A3942879-172F-45D4-BC55-6596849A93CD}.Release|x64.Build.0 = Release|x64
		{A3942879-172F-45D4-BC55-6596849A93CD}.Release|x86.ActiveCfg = Release|Win32
		{A3942879-172F-45D4-BC55-6596849A93CD}.Release|x86.Build.0 = Release|Win32
	EndGlobalSection
	GlobalSection(SolutionProperties) = preSolution
		HideSolutionNode = FALSE
	EndGlobalSection
	GlobalSection(ExtensibilityGlobals) = postSolution
		SolutionGuid = {CCC22B81-5D99-448F-9D54-0C7291856569}
	EndGlobalSection
EndGlobal
